
Microsoft Visual Studio Solution File, Format Version 12.00
# Visual Studio Version 17
VisualStudioVersion = 17.0.31903.59
MinimumVisualStudioVersion = 10.0.40219.1
Project("{FAE04EC0-301F-11D3-BF4B-00C04F79EFBC}") = "BOJ_1260", "BOJ_1260\BOJ_1260.csproj", "{9DD97F12-2739-4EFE-8428-6634D9032238}"
EndProject
Project("{FAE04EC0-301F-11D3-BF4B-00C04F79EFBC}") = "BOJ_2750", "BOJ_2750\BOJ_2750.csproj", "{F986EFFB-D16C-4B91-A8AC-A4AE6011AD8B}"
EndProject
Project("{FAE04EC0-301F-11D3-BF4B-00C04F79EFBC}") = "BOJ_1463", "BOJ_1463\BOJ_1463.csproj", "{5FC0AE2C-B134-4922-90FB-F0506201D60D}"
EndProject
Project("{FAE04EC0-301F-11D3-BF4B-00C04F79EFBC}") = "BOJ_2751", "BOJ_2751\BOJ_2751.csproj", "{88C452E8-24DB-418B-95E9-2703E3DC4A82}"
EndProject
Project("{FAE04EC0-301F-11D3-BF4B-00C04F79EFBC}") = "BOJ_2839", "BOJ_2839\BOJ_2839.csproj", "{7D5A89D6-D950-457D-B192-FE5955BBEF5D}"
EndProject
Project("{FAE04EC0-301F-11D3-BF4B-00C04F79EFBC}") = "BOJ_1920", "BOJ_1920\BOJ_1920.csproj", "{C305187C-E0D7-43ED-8A4C-AE62AAE863D6}"
EndProject
Project("{FAE04EC0-301F-11D3-BF4B-00C04F79EFBC}") = "BOJ_15649", "BOJ_15649\BOJ_15649.csproj", "{4A7B4DB1-D65A-4F20-BBA3-0CD3F68D3286}"
EndProject
Project("{FAE04EC0-301F-11D3-BF4B-00C04F79EFBC}") = "BOJ_27652", "BOJ_27652\BOJ_27652.csproj", "{07BAF438-539C-4262-99AD-8035C0A745C6}"
EndProject
Project("{FAE04EC0-301F-11D3-BF4B-00C04F79EFBC}") = "BOJ_1005", "BOJ_1005\BOJ_1005.csproj", "{3089E0A0-17D0-4155-867F-DA8640528B2B}"
EndProject
Project("{FAE04EC0-301F-11D3-BF4B-00C04F79EFBC}") = "BOJ_16472", "BOJ_16472\BOJ_16472.csproj", "{20E643EB-F1E7-4DCB-817B-D0B6543E9EF4}"
EndProject
Project("{FAE04EC0-301F-11D3-BF4B-00C04F79EFBC}") = "BOJ_1062", "BOJ_1062\BOJ_1062.csproj", "{B169E76A-7F19-444C-997B-C6348819CF1F}"
EndProject
Project("{FAE04EC0-301F-11D3-BF4B-00C04F79EFBC}") = "BOJ_17471", "BOJ_17471\BOJ_17471.csproj", "{1E9436A9-F352-4C17-B0D7-CFD88DFDFC96}"
EndProject
Project("{FAE04EC0-301F-11D3-BF4B-00C04F79EFBC}") = "BOJ_1562", "BOJ_1562\BOJ_1562.csproj", "{69AFE006-5A59-45E2-8B95-F30D683E4FFC}"
EndProject
Project("{FAE04EC0-301F-11D3-BF4B-00C04F79EFBC}") = "BOJ_14442", "BOJ_14442\BOJ_14442.csproj", "{4A8A7903-DF83-4A4E-A5EA-24B0114661C5}"
EndProject
Project("{FAE04EC0-301F-11D3-BF4B-00C04F79EFBC}") = "BOJ_28278", "BOJ_28278\BOJ_28278.csproj", "{BD21C816-0FDD-4884-A094-EB72BCF0CBE3}"
EndProject
Project("{FAE04EC0-301F-11D3-BF4B-00C04F79EFBC}") = "BOJ_2749", "BOJ_2749\BOJ_2749.csproj", "{D9C41724-4F05-4924-A464-2809195C2E89}"
EndProject
Project("{FAE04EC0-301F-11D3-BF4B-00C04F79EFBC}") = "BOJ_25192", "BOJ_25192\BOJ_25192.csproj", "{55648DBD-97CF-441F-ACFD-1478EA6F4B8A}"
EndProject
Project("{FAE04EC0-301F-11D3-BF4B-00C04F79EFBC}") = "BOJ_13460", "BOJ_13460\BOJ_13460.csproj", "{65C0DA1C-7AE3-4DDD-86A3-16C61B19A2D7}"
EndProject
Project("{FAE04EC0-301F-11D3-BF4B-00C04F79EFBC}") = "BOJ_12789", "BOJ_12789\BOJ_12789.csproj", "{C40B8DD9-D878-45FF-B34A-6076D88C8CF9}"
EndProject
Project("{FAE04EC0-301F-11D3-BF4B-00C04F79EFBC}") = "BOJ_4195", "BOJ_4195\BOJ_4195.csproj", "{E968A824-096F-4E72-AE19-2B0712040C0F}"
EndProject
Project("{FAE04EC0-301F-11D3-BF4B-00C04F79EFBC}") = "BOJ_18110", "BOJ_18110\BOJ_18110.csproj", "{F564D636-5FC7-4319-84CA-88D1195AA96F}"
EndProject
Project("{FAE04EC0-301F-11D3-BF4B-00C04F79EFBC}") = "BOJ_1167", "BOJ_1167\BOJ_1167.csproj", "{CC9D2327-B9C9-4E56-97B2-318160BAF1DA}"
EndProject
Project("{FAE04EC0-301F-11D3-BF4B-00C04F79EFBC}") = "BOJ_2346", "BOJ_2346\BOJ_2346.csproj", "{BE901C31-81AD-4CB4-8D86-6B9BDFDF0BED}"
EndProject
Project("{FAE04EC0-301F-11D3-BF4B-00C04F79EFBC}") = "BOJ_1300", "BOJ_1300\BOJ_1300.csproj", "{A56BB7CC-73F1-4EDE-88E5-942AE287EA96}"
EndProject
Global
	GlobalSection(SolutionConfigurationPlatforms) = preSolution
		Debug|Any CPU = Debug|Any CPU
		Release|Any CPU = Release|Any CPU
	EndGlobalSection
	GlobalSection(SolutionProperties) = preSolution
		HideSolutionNode = FALSE
	EndGlobalSection
	GlobalSection(ProjectConfigurationPlatforms) = postSolution
		{9DD97F12-2739-4EFE-8428-6634D9032238}.Debug|Any CPU.ActiveCfg = Debug|Any CPU
		{9DD97F12-2739-4EFE-8428-6634D9032238}.Debug|Any CPU.Build.0 = Debug|Any CPU
		{9DD97F12-2739-4EFE-8428-6634D9032238}.Release|Any CPU.ActiveCfg = Release|Any CPU
		{9DD97F12-2739-4EFE-8428-6634D9032238}.Release|Any CPU.Build.0 = Release|Any CPU
		{F986EFFB-D16C-4B91-A8AC-A4AE6011AD8B}.Debug|Any CPU.ActiveCfg = Debug|Any CPU
		{F986EFFB-D16C-4B91-A8AC-A4AE6011AD8B}.Debug|Any CPU.Build.0 = Debug|Any CPU
		{F986EFFB-D16C-4B91-A8AC-A4AE6011AD8B}.Release|Any CPU.ActiveCfg = Release|Any CPU
		{F986EFFB-D16C-4B91-A8AC-A4AE6011AD8B}.Release|Any CPU.Build.0 = Release|Any CPU
		{5FC0AE2C-B134-4922-90FB-F0506201D60D}.Debug|Any CPU.ActiveCfg = Debug|Any CPU
		{5FC0AE2C-B134-4922-90FB-F0506201D60D}.Debug|Any CPU.Build.0 = Debug|Any CPU
		{5FC0AE2C-B134-4922-90FB-F0506201D60D}.Release|Any CPU.ActiveCfg = Release|Any CPU
		{5FC0AE2C-B134-4922-90FB-F0506201D60D}.Release|Any CPU.Build.0 = Release|Any CPU
		{88C452E8-24DB-418B-95E9-2703E3DC4A82}.Debug|Any CPU.ActiveCfg = Debug|Any CPU
		{88C452E8-24DB-418B-95E9-2703E3DC4A82}.Debug|Any CPU.Build.0 = Debug|Any CPU
		{88C452E8-24DB-418B-95E9-2703E3DC4A82}.Release|Any CPU.ActiveCfg = Release|Any CPU
		{88C452E8-24DB-418B-95E9-2703E3DC4A82}.Release|Any CPU.Build.0 = Release|Any CPU
		{7D5A89D6-D950-457D-B192-FE5955BBEF5D}.Debug|Any CPU.ActiveCfg = Debug|Any CPU
		{7D5A89D6-D950-457D-B192-FE5955BBEF5D}.Debug|Any CPU.Build.0 = Debug|Any CPU
		{7D5A89D6-D950-457D-B192-FE5955BBEF5D}.Release|Any CPU.ActiveCfg = Release|Any CPU
		{7D5A89D6-D950-457D-B192-FE5955BBEF5D}.Release|Any CPU.Build.0 = Release|Any CPU
		{C305187C-E0D7-43ED-8A4C-AE62AAE863D6}.Debug|Any CPU.ActiveCfg = Debug|Any CPU
		{C305187C-E0D7-43ED-8A4C-AE62AAE863D6}.Debug|Any CPU.Build.0 = Debug|Any CPU
		{C305187C-E0D7-43ED-8A4C-AE62AAE863D6}.Release|Any CPU.ActiveCfg = Release|Any CPU
		{C305187C-E0D7-43ED-8A4C-AE62AAE863D6}.Release|Any CPU.Build.0 = Release|Any CPU
		{4A7B4DB1-D65A-4F20-BBA3-0CD3F68D3286}.Debug|Any CPU.ActiveCfg = Debug|Any CPU
		{4A7B4DB1-D65A-4F20-BBA3-0CD3F68D3286}.Debug|Any CPU.Build.0 = Debug|Any CPU
		{4A7B4DB1-D65A-4F20-BBA3-0CD3F68D3286}.Release|Any CPU.ActiveCfg = Release|Any CPU
		{4A7B4DB1-D65A-4F20-BBA3-0CD3F68D3286}.Release|Any CPU.Build.0 = Release|Any CPU
		{07BAF438-539C-4262-99AD-8035C0A745C6}.Debug|Any CPU.ActiveCfg = Debug|Any CPU
		{07BAF438-539C-4262-99AD-8035C0A745C6}.Debug|Any CPU.Build.0 = Debug|Any CPU
		{07BAF438-539C-4262-99AD-8035C0A745C6}.Release|Any CPU.ActiveCfg = Release|Any CPU
		{07BAF438-539C-4262-99AD-8035C0A745C6}.Release|Any CPU.Build.0 = Release|Any CPU
		{3089E0A0-17D0-4155-867F-DA8640528B2B}.Debug|Any CPU.ActiveCfg = Debug|Any CPU
		{3089E0A0-17D0-4155-867F-DA8640528B2B}.Debug|Any CPU.Build.0 = Debug|Any CPU
		{3089E0A0-17D0-4155-867F-DA8640528B2B}.Release|Any CPU.ActiveCfg = Release|Any CPU
		{3089E0A0-17D0-4155-867F-DA8640528B2B}.Release|Any CPU.Build.0 = Release|Any CPU
		{20E643EB-F1E7-4DCB-817B-D0B6543E9EF4}.Debug|Any CPU.ActiveCfg = Debug|Any CPU
		{20E643EB-F1E7-4DCB-817B-D0B6543E9EF4}.Debug|Any CPU.Build.0 = Debug|Any CPU
		{20E643EB-F1E7-4DCB-817B-D0B6543E9EF4}.Release|Any CPU.ActiveCfg = Release|Any CPU
		{20E643EB-F1E7-4DCB-817B-D0B6543E9EF4}.Release|Any CPU.Build.0 = Release|Any CPU
		{B169E76A-7F19-444C-997B-C6348819CF1F}.Debug|Any CPU.ActiveCfg = Debug|Any CPU
		{B169E76A-7F19-444C-997B-C6348819CF1F}.Debug|Any CPU.Build.0 = Debug|Any CPU
		{B169E76A-7F19-444C-997B-C6348819CF1F}.Release|Any CPU.ActiveCfg = Release|Any CPU
		{B169E76A-7F19-444C-997B-C6348819CF1F}.Release|Any CPU.Build.0 = Release|Any CPU
		{1E9436A9-F352-4C17-B0D7-CFD88DFDFC96}.Debug|Any CPU.ActiveCfg = Debug|Any CPU
		{1E9436A9-F352-4C17-B0D7-CFD88DFDFC96}.Debug|Any CPU.Build.0 = Debug|Any CPU
		{1E9436A9-F352-4C17-B0D7-CFD88DFDFC96}.Release|Any CPU.ActiveCfg = Release|Any CPU
		{1E9436A9-F352-4C17-B0D7-CFD88DFDFC96}.Release|Any CPU.Build.0 = Release|Any CPU
		{69AFE006-5A59-45E2-8B95-F30D683E4FFC}.Debug|Any CPU.ActiveCfg = Debug|Any CPU
		{69AFE006-5A59-45E2-8B95-F30D683E4FFC}.Debug|Any CPU.Build.0 = Debug|Any CPU
		{69AFE006-5A59-45E2-8B95-F30D683E4FFC}.Release|Any CPU.ActiveCfg = Release|Any CPU
		{69AFE006-5A59-45E2-8B95-F30D683E4FFC}.Release|Any CPU.Build.0 = Release|Any CPU
		{4A8A7903-DF83-4A4E-A5EA-24B0114661C5}.Debug|Any CPU.ActiveCfg = Debug|Any CPU
		{4A8A7903-DF83-4A4E-A5EA-24B0114661C5}.Debug|Any CPU.Build.0 = Debug|Any CPU
		{4A8A7903-DF83-4A4E-A5EA-24B0114661C5}.Release|Any CPU.ActiveCfg = Release|Any CPU
		{4A8A7903-DF83-4A4E-A5EA-24B0114661C5}.Release|Any CPU.Build.0 = Release|Any CPU
		{BD21C816-0FDD-4884-A094-EB72BCF0CBE3}.Debug|Any CPU.ActiveCfg = Debug|Any CPU
		{BD21C816-0FDD-4884-A094-EB72BCF0CBE3}.Debug|Any CPU.Build.0 = Debug|Any CPU
		{BD21C816-0FDD-4884-A094-EB72BCF0CBE3}.Release|Any CPU.ActiveCfg = Release|Any CPU
		{BD21C816-0FDD-4884-A094-EB72BCF0CBE3}.Release|Any CPU.Build.0 = Release|Any CPU
		{D9C41724-4F05-4924-A464-2809195C2E89}.Debug|Any CPU.ActiveCfg = Debug|Any CPU
		{D9C41724-4F05-4924-A464-2809195C2E89}.Debug|Any CPU.Build.0 = Debug|Any CPU
		{D9C41724-4F05-4924-A464-2809195C2E89}.Release|Any CPU.ActiveCfg = Release|Any CPU
		{D9C41724-4F05-4924-A464-2809195C2E89}.Release|Any CPU.Build.0 = Release|Any CPU
		{55648DBD-97CF-441F-ACFD-1478EA6F4B8A}.Debug|Any CPU.ActiveCfg = Debug|Any CPU
		{55648DBD-97CF-441F-ACFD-1478EA6F4B8A}.Debug|Any CPU.Build.0 = Debug|Any CPU
		{55648DBD-97CF-441F-ACFD-1478EA6F4B8A}.Release|Any CPU.ActiveCfg = Release|Any CPU
		{55648DBD-97CF-441F-ACFD-1478EA6F4B8A}.Release|Any CPU.Build.0 = Release|Any CPU
		{65C0DA1C-7AE3-4DDD-86A3-16C61B19A2D7}.Debug|Any CPU.ActiveCfg = Debug|Any CPU
		{65C0DA1C-7AE3-4DDD-86A3-16C61B19A2D7}.Debug|Any CPU.Build.0 = Debug|Any CPU
		{65C0DA1C-7AE3-4DDD-86A3-16C61B19A2D7}.Release|Any CPU.ActiveCfg = Release|Any CPU
		{65C0DA1C-7AE3-4DDD-86A3-16C61B19A2D7}.Release|Any CPU.Build.0 = Release|Any CPU
		{C40B8DD9-D878-45FF-B34A-6076D88C8CF9}.Debug|Any CPU.ActiveCfg = Debug|Any CPU
		{C40B8DD9-D878-45FF-B34A-6076D88C8CF9}.Debug|Any CPU.Build.0 = Debug|Any CPU
		{C40B8DD9-D878-45FF-B34A-6076D88C8CF9}.Release|Any CPU.ActiveCfg = Release|Any CPU
		{C40B8DD9-D878-45FF-B34A-6076D88C8CF9}.Release|Any CPU.Build.0 = Release|Any CPU
		{E968A824-096F-4E72-AE19-2B0712040C0F}.Debug|Any CPU.ActiveCfg = Debug|Any CPU
		{E968A824-096F-4E72-AE19-2B0712040C0F}.Debug|Any CPU.Build.0 = Debug|Any CPU
		{E968A824-096F-4E72-AE19-2B0712040C0F}.Release|Any CPU.ActiveCfg = Release|Any CPU
		{E968A824-096F-4E72-AE19-2B0712040C0F}.Release|Any CPU.Build.0 = Release|Any CPU
		{F564D636-5FC7-4319-84CA-88D1195AA96F}.Debug|Any CPU.ActiveCfg = Debug|Any CPU
		{F564D636-5FC7-4319-84CA-88D1195AA96F}.Debug|Any CPU.Build.0 = Debug|Any CPU
		{F564D636-5FC7-4319-84CA-88D1195AA96F}.Release|Any CPU.ActiveCfg = Release|Any CPU
		{F564D636-5FC7-4319-84CA-88D1195AA96F}.Release|Any CPU.Build.0 = Release|Any CPU
		{CC9D2327-B9C9-4E56-97B2-318160BAF1DA}.Debug|Any CPU.ActiveCfg = Debug|Any CPU
		{CC9D2327-B9C9-4E56-97B2-318160BAF1DA}.Debug|Any CPU.Build.0 = Debug|Any CPU
		{CC9D2327-B9C9-4E56-97B2-318160BAF1DA}.Release|Any CPU.ActiveCfg = Release|Any CPU
		{CC9D2327-B9C9-4E56-97B2-318160BAF1DA}.Release|Any CPU.Build.0 = Release|Any CPU
		{BE901C31-81AD-4CB4-8D86-6B9BDFDF0BED}.Debug|Any CPU.ActiveCfg = Debug|Any CPU
		{BE901C31-81AD-4CB4-8D86-6B9BDFDF0BED}.Debug|Any CPU.Build.0 = Debug|Any CPU
		{BE901C31-81AD-4CB4-8D86-6B9BDFDF0BED}.Release|Any CPU.ActiveCfg = Release|Any CPU
		{BE901C31-81AD-4CB4-8D86-6B9BDFDF0BED}.Release|Any CPU.Build.0 = Release|Any CPU
		{A56BB7CC-73F1-4EDE-88E5-942AE287EA96}.Debug|Any CPU.ActiveCfg = Debug|Any CPU
		{A56BB7CC-73F1-4EDE-88E5-942AE287EA96}.Debug|Any CPU.Build.0 = Debug|Any CPU
		{A56BB7CC-73F1-4EDE-88E5-942AE287EA96}.Release|Any CPU.ActiveCfg = Release|Any CPU
		{A56BB7CC-73F1-4EDE-88E5-942AE287EA96}.Release|Any CPU.Build.0 = Release|Any CPU
	EndGlobalSection
EndGlobal
